// !$*UTF8*$!
{
	archiveVersion = 1;
	classes = {
	};
	objectVersion = 77;
	objects = {

/* Begin PBXBuildFile section */
		010000000000000000000001 /* KnotQMobileApp.swift in Sources */ = {isa = PBXBuildFile; fileRef = 020000000000000000000001 /* KnotQMobileApp.swift */; };
		010000000000000000000002 /* Models.swift in Sources */ = {isa = PBXBuildFile; fileRef = 020000000000000000000002 /* Models.swift */; };
		010000000000000000000003 /* RustBridge.swift in Sources */ = {isa = PBXBuildFile; fileRef = 020000000000000000000003 /* RustBridge.swift */; };
		010000000000000000000004 /* AppModel.swift in Sources */ = {isa = PBXBuildFile; fileRef = 020000000000000000000004 /* AppModel.swift */; };
		010000000000000000000005 /* ContentView.swift in Sources */ = {isa = PBXBuildFile; fileRef = 020000000000000000000005 /* ContentView.swift */; };
		010000000000000000000006 /* SchemesScreen.swift in Sources */ = {isa = PBXBuildFile; fileRef = 020000000000000000000006 /* SchemesScreen.swift */; };
		010000000000000000000007 /* SchemeEditorView.swift in Sources */ = {isa = PBXBuildFile; fileRef = 020000000000000000000007 /* SchemeEditorView.swift */; };
		010000000000000000000008 /* CalendarScreen.swift in Sources */ = {isa = PBXBuildFile; fileRef = 020000000000000000000008 /* CalendarScreen.swift */; };
		010000000000000000000009 /* DailyScreen.swift in Sources */ = {isa = PBXBuildFile; fileRef = 020000000000000000000009 /* DailyScreen.swift */; };
		01000000000000000000000A /* SearchScreen.swift in Sources */ = {isa = PBXBuildFile; fileRef = 02000000000000000000000A /* SearchScreen.swift */; };
		01000000000000000000000B /* SettingsScreen.swift in Sources */ = {isa = PBXBuildFile; fileRef = 02000000000000000000000B /* SettingsScreen.swift */; };
		01000000000000000000000C /* SharedViews.swift in Sources */ = {isa = PBXBuildFile; fileRef = 02000000000000000000000C /* SharedViews.swift */; };
		01000000000000000000000D /* KnotQMobileCore.swift in Sources */ = {isa = PBXBuildFile; fileRef = 020000000000000000000010 /* KnotQMobileCore.swift */; };
		01000000000000000000000E /* Assets.xcassets in Resources */ = {isa = PBXBuildFile; fileRef = 020000000000000000000011 /* Assets.xcassets */; };
		01000000000000000000000F /* MobileNotificationScheduler.swift in Sources */ = {isa = PBXBuildFile; fileRef = 020000000000000000000012 /* MobileNotificationScheduler.swift */; };
		010000000000000000000010 /* AppIntents.framework in Frameworks */ = {isa = PBXBuildFile; fileRef = 020000000000000000000013 /* AppIntents.framework */; };
		010000000000000000000011 /* WidgetSnapshotStore.swift in Sources */ = {isa = PBXBuildFile; fileRef = 020000000000000000000015 /* WidgetSnapshotStore.swift */; };
		010000000000000000000012 /* WidgetSnapshotWriter.swift in Sources */ = {isa = PBXBuildFile; fileRef = 020000000000000000000016 /* WidgetSnapshotWriter.swift */; };
		010000000000000000000013 /* WidgetKit.framework in Frameworks */ = {isa = PBXBuildFile; fileRef = 020000000000000000000017 /* WidgetKit.framework */; };
		010000000000000000000014 /* WidgetSnapshotStore.swift in Sources */ = {isa = PBXBuildFile; fileRef = 020000000000000000000015 /* WidgetSnapshotStore.swift */; };
		010000000000000000000015 /* KnotQUpcomingWidget.swift in Sources */ = {isa = PBXBuildFile; fileRef = 020000000000000000000019 /* KnotQUpcomingWidget.swift */; };
		010000000000000000000016 /* WidgetKit.framework in Frameworks */ = {isa = PBXBuildFile; fileRef = 020000000000000000000017 /* WidgetKit.framework */; };
		010000000000000000000017 /* SwiftUI.framework in Frameworks */ = {isa = PBXBuildFile; fileRef = 020000000000000000000018 /* SwiftUI.framework */; };
		010000000000000000000018 /* KnotQUpcomingWidget.appex in Embed App Extensions */ = {isa = PBXBuildFile; fileRef = 02000000000000000000001C /* KnotQUpcomingWidget.appex */; settings = {ATTRIBUTES = (RemoveHeadersOnCopy, CodeSignOnCopy, ); }; };
		01000000000000000000001D /* ContentView+Components.swift in Sources */ = {isa = PBXBuildFile; fileRef = 02000000000000000000001D /* ContentView+Components.swift */; };
		01000000000000000000001E /* SchemeEditorView+Components.swift in Sources */ = {isa = PBXBuildFile; fileRef = 02000000000000000000001E /* SchemeEditorView+Components.swift */; };
		01000000000000000000001F /* Theme+Colors.swift in Sources */ = {isa = PBXBuildFile; fileRef = 02000000000000000000001F /* Theme+Colors.swift */; };
		010000000000000000000020 /* DesktopChrome.swift in Sources */ = {isa = PBXBuildFile; fileRef = 020000000000000000000020 /* DesktopChrome.swift */; };
		010000000000000000000021 /* HomeComponents.swift in Sources */ = {isa = PBXBuildFile; fileRef = 020000000000000000000021 /* HomeComponents.swift */; };
		010000000000000000000022 /* SchemeNavigatorUIKit.swift in Sources */ = {isa = PBXBuildFile; fileRef = 020000000000000000000022 /* SchemeNavigatorUIKit.swift */; };
		010000000000000000000023 /* HomeDailyComponents.swift in Sources */ = {isa = PBXBuildFile; fileRef = 020000000000000000000023 /* HomeDailyComponents.swift */; };
		010000000000000000000024 /* CalendarComponents.swift in Sources */ = {isa = PBXBuildFile; fileRef = 020000000000000000000024 /* CalendarComponents.swift */; };
		010000000000000000000025 /* DayTimelineComponents.swift in Sources */ = {isa = PBXBuildFile; fileRef = 020000000000000000000025 /* DayTimelineComponents.swift */; };
		010000000000000000000026 /* DayTimelineUIKitView.swift in Sources */ = {isa = PBXBuildFile; fileRef = 020000000000000000000026 /* DayTimelineUIKitView.swift */; };
		010000000000000000000027 /* ArchiveAndSettingsComponents.swift in Sources */ = {isa = PBXBuildFile; fileRef = 020000000000000000000027 /* ArchiveAndSettingsComponents.swift */; };
		010000000000000000000028 /* DailyAndSearchComponents.swift in Sources */ = {isa = PBXBuildFile; fileRef = 020000000000000000000028 /* DailyAndSearchComponents.swift */; };
		010000000000000000000029 /* MobileDockAndMisc.swift in Sources */ = {isa = PBXBuildFile; fileRef = 020000000000000000000029 /* MobileDockAndMisc.swift */; };
		01000000000000000000002A /* SchemeEditorChrome.swift in Sources */ = {isa = PBXBuildFile; fileRef = 02000000000000000000002A /* SchemeEditorChrome.swift */; };
		01000000000000000000002B /* SchemeEditorTextInput.swift in Sources */ = {isa = PBXBuildFile; fileRef = 02000000000000000000002B /* SchemeEditorTextInput.swift */; };
		01000000000000000000002C /* SchemeEditorTextView.swift in Sources */ = {isa = PBXBuildFile; fileRef = 02000000000000000000002C /* SchemeEditorTextView.swift */; };
		01000000000000000000002D /* SchemeEditorSheets.swift in Sources */ = {isa = PBXBuildFile; fileRef = 02000000000000000000002D /* SchemeEditorSheets.swift */; };
/* End PBXBuildFile section */

/* Begin PBXContainerItemProxy section */
		0D0000000000000000000001 /* PBXContainerItemProxy */ = {
			isa = PBXContainerItemProxy;
			containerPortal = 080000000000000000000001 /* Project object */;
			proxyType = 1;
			remoteGlobalIDString = 050000000000000000000002;
			remoteInfo = KnotQUpcomingWidget;
		};
/* End PBXContainerItemProxy section */

/* Begin PBXFileReference section */
		020000000000000000000001 /* KnotQMobileApp.swift */ = {isa = PBXFileReference; lastKnownFileType = sourcecode.swift; path = KnotQMobileApp.swift; sourceTree = "<group>"; };
		020000000000000000000002 /* Models.swift */ = {isa = PBXFileReference; lastKnownFileType = sourcecode.swift; path = Models.swift; sourceTree = "<group>"; };
		020000000000000000000003 /* RustBridge.swift */ = {isa = PBXFileReference; lastKnownFileType = sourcecode.swift; path = RustBridge.swift; sourceTree = "<group>"; };
		020000000000000000000004 /* AppModel.swift */ = {isa = PBXFileReference; lastKnownFileType = sourcecode.swift; path = AppModel.swift; sourceTree = "<group>"; };
		020000000000000000000005 /* ContentView.swift */ = {isa = PBXFileReference; lastKnownFileType = sourcecode.swift; path = ContentView.swift; sourceTree = "<group>"; };
		020000000000000000000006 /* SchemesScreen.swift */ = {isa = PBXFileReference; lastKnownFileType = sourcecode.swift; path = SchemesScreen.swift; sourceTree = "<group>"; };
		020000000000000000000007 /* SchemeEditorView.swift */ = {isa = PBXFileReference; lastKnownFileType = sourcecode.swift; path = SchemeEditorView.swift; sourceTree = "<group>"; };
		020000000000000000000008 /* CalendarScreen.swift */ = {isa = PBXFileReference; lastKnownFileType = sourcecode.swift; path = CalendarScreen.swift; sourceTree = "<group>"; };
		020000000000000000000009 /* DailyScreen.swift */ = {isa = PBXFileReference; lastKnownFileType = sourcecode.swift; path = DailyScreen.swift; sourceTree = "<group>"; };
		02000000000000000000000A /* SearchScreen.swift */ = {isa = PBXFileReference; lastKnownFileType = sourcecode.swift; path = SearchScreen.swift; sourceTree = "<group>"; };
		02000000000000000000000B /* SettingsScreen.swift */ = {isa = PBXFileReference; lastKnownFileType = sourcecode.swift; path = SettingsScreen.swift; sourceTree = "<group>"; };
		02000000000000000000000C /* SharedViews.swift */ = {isa = PBXFileReference; lastKnownFileType = sourcecode.swift; path = SharedViews.swift; sourceTree = "<group>"; };
		02000000000000000000000D /* KnotQMobile-Bridging-Header.h */ = {isa = PBXFileReference; lastKnownFileType = sourcecode.c.h; path = "KnotQMobile-Bridging-Header.h"; sourceTree = "<group>"; };
		02000000000000000000000E /* Info.plist */ = {isa = PBXFileReference; lastKnownFileType = text.plist.xml; path = Info.plist; sourceTree = "<group>"; };
		02000000000000000000000F /* KnotQMobile.app */ = {isa = PBXFileReference; explicitFileType = wrapper.application; includeInIndex = 0; path = KnotQMobile.app; sourceTree = BUILT_PRODUCTS_DIR; };
		020000000000000000000010 /* KnotQMobileCore.swift */ = {isa = PBXFileReference; lastKnownFileType = sourcecode.swift; path = Generated/KnotQMobileCore.swift; sourceTree = "<group>"; };
		020000000000000000000011 /* Assets.xcassets */ = {isa = PBXFileReference; lastKnownFileType = folder.assetcatalog; path = Assets.xcassets; sourceTree = "<group>"; };
		020000000000000000000012 /* MobileNotificationScheduler.swift */ = {isa = PBXFileReference; lastKnownFileType = sourcecode.swift; path = MobileNotificationScheduler.swift; sourceTree = "<group>"; };
		020000000000000000000013 /* AppIntents.framework */ = {isa = PBXFileReference; lastKnownFileType = wrapper.framework; name = AppIntents.framework; path = System/Library/Frameworks/AppIntents.framework; sourceTree = SDKROOT; };
		020000000000000000000014 /* KnotQMobile.entitlements */ = {isa = PBXFileReference; lastKnownFileType = text.plist.entitlements; path = KnotQMobile.entitlements; sourceTree = "<group>"; };
		020000000000000000000015 /* WidgetSnapshotStore.swift */ = {isa = PBXFileReference; lastKnownFileType = sourcecode.swift; path = WidgetSnapshotStore.swift; sourceTree = "<group>"; };
		020000000000000000000016 /* WidgetSnapshotWriter.swift */ = {isa = PBXFileReference; lastKnownFileType = sourcecode.swift; path = WidgetSnapshotWriter.swift; sourceTree = "<group>"; };
		020000000000000000000017 /* WidgetKit.framework */ = {isa = PBXFileReference; lastKnownFileType = wrapper.framework; name = WidgetKit.framework; path = System/Library/Frameworks/WidgetKit.framework; sourceTree = SDKROOT; };
		020000000000000000000018 /* SwiftUI.framework */ = {isa = PBXFileReference; lastKnownFileType = wrapper.framework; name = SwiftUI.framework; path = System/Library/Frameworks/SwiftUI.framework; sourceTree = SDKROOT; };
		020000000000000000000019 /* KnotQUpcomingWidget.swift */ = {isa = PBXFileReference; lastKnownFileType = sourcecode.swift; path = KnotQUpcomingWidget.swift; sourceTree = "<group>"; };
		02000000000000000000001A /* Info.plist */ = {isa = PBXFileReference; lastKnownFileType = text.plist.xml; path = Info.plist; sourceTree = "<group>"; };
		02000000000000000000001B /* KnotQUpcomingWidget.entitlements */ = {isa = PBXFileReference; lastKnownFileType = text.plist.entitlements; path = KnotQUpcomingWidget.entitlements; sourceTree = "<group>"; };
		02000000000000000000001C /* KnotQUpcomingWidget.appex */ = {isa = PBXFileReference; explicitFileType = "wrapper.app-extension"; includeInIndex = 0; path = KnotQUpcomingWidget.appex; sourceTree = BUILT_PRODUCTS_DIR; };
		02000000000000000000001D /* ContentView+Components.swift */ = {isa = PBXFileReference; lastKnownFileType = sourcecode.swift; path = "ContentView+Components.swift"; sourceTree = "<group>"; };
		02000000000000000000001E /* SchemeEditorView+Components.swift */ = {isa = PBXFileReference; lastKnownFileType = sourcecode.swift; path = "SchemeEditorView+Components.swift"; sourceTree = "<group>"; };
		02000000000000000000001F /* Theme+Colors.swift */ = {isa = PBXFileReference; lastKnownFileType = sourcecode.swift; path = "Theme+Colors.swift"; sourceTree = "<group>"; };
		020000000000000000000020 /* DesktopChrome.swift */ = {isa = PBXFileReference; lastKnownFileType = sourcecode.swift; path = "DesktopChrome.swift"; sourceTree = "<group>"; };
		020000000000000000000021 /* HomeComponents.swift */ = {isa = PBXFileReference; lastKnownFileType = sourcecode.swift; path = "HomeComponents.swift"; sourceTree = "<group>"; };
		020000000000000000000022 /* SchemeNavigatorUIKit.swift */ = {isa = PBXFileReference; lastKnownFileType = sourcecode.swift; path = "SchemeNavigatorUIKit.swift"; sourceTree = "<group>"; };
		020000000000000000000023 /* HomeDailyComponents.swift */ = {isa = PBXFileReference; lastKnownFileType = sourcecode.swift; path = "HomeDailyComponents.swift"; sourceTree = "<group>"; };
		020000000000000000000024 /* CalendarComponents.swift */ = {isa = PBXFileReference; lastKnownFileType = sourcecode.swift; path = "CalendarComponents.swift"; sourceTree = "<group>"; };
		020000000000000000000025 /* DayTimelineComponents.swift */ = {isa = PBXFileReference; lastKnownFileType = sourcecode.swift; path = "DayTimelineComponents.swift"; sourceTree = "<group>"; };
		020000000000000000000026 /* DayTimelineUIKitView.swift */ = {isa = PBXFileReference; lastKnownFileType = sourcecode.swift; path = "DayTimelineUIKitView.swift"; sourceTree = "<group>"; };
		020000000000000000000027 /* ArchiveAndSettingsComponents.swift */ = {isa = PBXFileReference; lastKnownFileType = sourcecode.swift; path = "ArchiveAndSettingsComponents.swift"; sourceTree = "<group>"; };
		020000000000000000000028 /* DailyAndSearchComponents.swift */ = {isa = PBXFileReference; lastKnownFileType = sourcecode.swift; path = "DailyAndSearchComponents.swift"; sourceTree = "<group>"; };
		020000000000000000000029 /* MobileDockAndMisc.swift */ = {isa = PBXFileReference; lastKnownFileType = sourcecode.swift; path = "MobileDockAndMisc.swift"; sourceTree = "<group>"; };
		02000000000000000000002A /* SchemeEditorChrome.swift */ = {isa = PBXFileReference; lastKnownFileType = sourcecode.swift; path = "SchemeEditorChrome.swift"; sourceTree = "<group>"; };
		02000000000000000000002B /* SchemeEditorTextInput.swift */ = {isa = PBXFileReference; lastKnownFileType = sourcecode.swift; path = "SchemeEditorTextInput.swift"; sourceTree = "<group>"; };
		02000000000000000000002C /* SchemeEditorTextView.swift */ = {isa = PBXFileReference; lastKnownFileType = sourcecode.swift; path = "SchemeEditorTextView.swift"; sourceTree = "<group>"; };
		02000000000000000000002D /* SchemeEditorSheets.swift */ = {isa = PBXFileReference; lastKnownFileType = sourcecode.swift; path = "SchemeEditorSheets.swift"; sourceTree = "<group>"; };
/* End PBXFileReference section */

/* Begin PBXFrameworksBuildPhase section */
		030000000000000000000001 /* Frameworks */ = {
			isa = PBXFrameworksBuildPhase;
			buildActionMask = 2147483647;
			files = (
				010000000000000000000010 /* AppIntents.framework in Frameworks */,
				010000000000000000000013 /* WidgetKit.framework in Frameworks */,
			);
			runOnlyForDeploymentPostprocessing = 0;
		};
		030000000000000000000002 /* Frameworks */ = {
			isa = PBXFrameworksBuildPhase;
			buildActionMask = 2147483647;
			files = (
				010000000000000000000017 /* SwiftUI.framework in Frameworks */,
				010000000000000000000016 /* WidgetKit.framework in Frameworks */,
			);
			runOnlyForDeploymentPostprocessing = 0;
		};
/* End PBXFrameworksBuildPhase section */

/* Begin PBXGroup section */
		040000000000000000000001 = {
			isa = PBXGroup;
			children = (
				040000000000000000000002 /* KnotQMobile */,
				040000000000000000000004 /* KnotQUpcomingWidget */,
				040000000000000000000003 /* Products */,
			);
			sourceTree = "<group>";
		};
		040000000000000000000002 /* KnotQMobile */ = {
			isa = PBXGroup;
			children = (
				020000000000000000000001 /* KnotQMobileApp.swift */,
				020000000000000000000002 /* Models.swift */,
				020000000000000000000010 /* KnotQMobileCore.swift */,
				020000000000000000000003 /* RustBridge.swift */,
				020000000000000000000004 /* AppModel.swift */,
				020000000000000000000012 /* MobileNotificationScheduler.swift */,
				020000000000000000000015 /* WidgetSnapshotStore.swift */,
				020000000000000000000016 /* WidgetSnapshotWriter.swift */,
				020000000000000000000005 /* ContentView.swift */,
				02000000000000000000001D /* ContentView+Components.swift */,
				020000000000000000000006 /* SchemesScreen.swift */,
				020000000000000000000007 /* SchemeEditorView.swift */,
				02000000000000000000001E /* SchemeEditorView+Components.swift */,
				02000000000000000000001F /* Theme+Colors.swift */,
				020000000000000000000020 /* DesktopChrome.swift */,
				020000000000000000000021 /* HomeComponents.swift */,
				020000000000000000000022 /* SchemeNavigatorUIKit.swift */,
				020000000000000000000023 /* HomeDailyComponents.swift */,
				020000000000000000000024 /* CalendarComponents.swift */,
				020000000000000000000025 /* DayTimelineComponents.swift */,
				020000000000000000000026 /* DayTimelineUIKitView.swift */,
				020000000000000000000027 /* ArchiveAndSettingsComponents.swift */,
				020000000000000000000028 /* DailyAndSearchComponents.swift */,
				020000000000000000000029 /* MobileDockAndMisc.swift */,
				02000000000000000000002A /* SchemeEditorChrome.swift */,
				02000000000000000000002B /* SchemeEditorTextInput.swift */,
				02000000000000000000002C /* SchemeEditorTextView.swift */,
				02000000000000000000002D /* SchemeEditorSheets.swift */,
				020000000000000000000008 /* CalendarScreen.swift */,
				020000000000000000000009 /* DailyScreen.swift */,
				02000000000000000000000A /* SearchScreen.swift */,
				02000000000000000000000B /* SettingsScreen.swift */,
				02000000000000000000000C /* SharedViews.swift */,
				02000000000000000000000D /* KnotQMobile-Bridging-Header.h */,
				02000000000000000000000E /* Info.plist */,
				020000000000000000000014 /* KnotQMobile.entitlements */,
				020000000000000000000011 /* Assets.xcassets */,
			);
			path = KnotQMobile;
			sourceTree = "<group>";
		};
		040000000000000000000004 /* KnotQUpcomingWidget */ = {
			isa = PBXGroup;
			children = (
				020000000000000000000019 /* KnotQUpcomingWidget.swift */,
				02000000000000000000001A /* Info.plist */,
				02000000000000000000001B /* KnotQUpcomingWidget.entitlements */,
			);
			path = KnotQUpcomingWidget;
			sourceTree = "<group>";
		};
		040000000000000000000003 /* Products */ = {
			isa = PBXGroup;
			children = (
				02000000000000000000000F /* KnotQMobile.app */,
				02000000000000000000001C /* KnotQUpcomingWidget.appex */,
			);
			name = Products;
			sourceTree = "<group>";
		};
/* End PBXGroup section */

/* Begin PBXNativeTarget section */
		050000000000000000000001 /* KnotQMobile */ = {
			isa = PBXNativeTarget;
			buildConfigurationList = 0B0000000000000000000002 /* Build configuration list for PBXNativeTarget "KnotQMobile" */;
			buildPhases = (
				090000000000000000000001 /* Build Rust Core */,
				060000000000000000000001 /* Sources */,
				030000000000000000000001 /* Frameworks */,
				070000000000000000000001 /* Resources */,
				0C0000000000000000000001 /* Embed App Extensions */,
			);
			buildRules = (
			);
			dependencies = (
				0E0000000000000000000001 /* PBXTargetDependency */,
			);
			name = KnotQMobile;
			productName = KnotQMobile;
			productReference = 02000000000000000000000F /* KnotQMobile.app */;
			productType = "com.apple.product-type.application";
		};
		050000000000000000000002 /* KnotQUpcomingWidget */ = {
			isa = PBXNativeTarget;
			buildConfigurationList = 0B0000000000000000000003 /* Build configuration list for PBXNativeTarget "KnotQUpcomingWidget" */;
			buildPhases = (
				060000000000000000000002 /* Sources */,
				030000000000000000000002 /* Frameworks */,
				070000000000000000000002 /* Resources */,
			);
			buildRules = (
			);
			dependencies = (
			);
			name = KnotQUpcomingWidget;
			productName = KnotQUpcomingWidget;
			productReference = 02000000000000000000001C /* KnotQUpcomingWidget.appex */;
			productType = "com.apple.product-type.app-extension";
		};
/* End PBXNativeTarget section */

/* Begin PBXProject section */
		080000000000000000000001 /* Project object */ = {
			isa = PBXProject;
			attributes = {
				BuildIndependentTargetsInParallel = 1;
				LastSwiftUpdateCheck = 2650;
				LastUpgradeCheck = 2650;
					TargetAttributes = {
						050000000000000000000001 = {
							CreatedOnToolsVersion = 26.5;
							ProvisioningStyle = Automatic;
						};
						050000000000000000000002 = {
							CreatedOnToolsVersion = 26.5;
							ProvisioningStyle = Automatic;
						};
					};
			};
			buildConfigurationList = 0B0000000000000000000001 /* Build configuration list for PBXProject "KnotQMobile" */;
			developmentRegion = en;
			hasScannedForEncodings = 0;
			knownRegions = (
				en,
				Base,
			);
			mainGroup = 040000000000000000000001;
			minimizedProjectReferenceProxies = 1;
			preferredProjectObjectVersion = 77;
			productRefGroup = 040000000000000000000003 /* Products */;
			projectDirPath = "";
			projectRoot = "";
			targets = (
				050000000000000000000001 /* KnotQMobile */,
				050000000000000000000002 /* KnotQUpcomingWidget */,
			);
		};
/* End PBXProject section */

/* Begin PBXCopyFilesBuildPhase section */
		0C0000000000000000000001 /* Embed App Extensions */ = {
			isa = PBXCopyFilesBuildPhase;
			buildActionMask = 2147483647;
			dstPath = "";
			dstSubfolderSpec = 13;
			files = (
				010000000000000000000018 /* KnotQUpcomingWidget.appex in Embed App Extensions */,
			);
			name = "Embed App Extensions";
			runOnlyForDeploymentPostprocessing = 0;
		};
/* End PBXCopyFilesBuildPhase section */

/* Begin PBXResourcesBuildPhase section */
		070000000000000000000001 /* Resources */ = {
			isa = PBXResourcesBuildPhase;
			buildActionMask = 2147483647;
			files = (
				01000000000000000000000E /* Assets.xcassets in Resources */,
			);
			runOnlyForDeploymentPostprocessing = 0;
		};
		070000000000000000000002 /* Resources */ = {
			isa = PBXResourcesBuildPhase;
			buildActionMask = 2147483647;
			files = (
			);
			runOnlyForDeploymentPostprocessing = 0;
		};
/* End PBXResourcesBuildPhase section */

/* Begin PBXShellScriptBuildPhase section */
		090000000000000000000001 /* Build Rust Core */ = {
			isa = PBXShellScriptBuildPhase;
			alwaysOutOfDate = 1;
			buildActionMask = 2147483647;
			files = (
			);
			inputFileListPaths = (
			);
			inputPaths = (
			);
			name = "Build Rust Core";
			outputFileListPaths = (
			);
			outputPaths = (
			);
			runOnlyForDeploymentPostprocessing = 0;
			shellPath = /bin/sh;
			shellScript = "set -euo pipefail\nexport PATH=\"$HOME/.cargo/bin:/opt/homebrew/bin:/usr/local/bin:$PATH\"\ncd \"$PROJECT_DIR/..\"\nGENERATED_DIR=\"$PROJECT_DIR/KnotQMobile/Generated\"\nRUST_LIB_DIR=\"$TARGET_TEMP_DIR/rust\"\nmkdir -p \"$GENERATED_DIR\" \"$RUST_LIB_DIR\"\nif ! command -v cargo >/dev/null 2>&1; then\n  echo \"error: cargo was not found. Install Rust or make sure ~/.cargo/bin/cargo exists.\"\n  exit 1\nfi\ncargo run -p knotq-mobile-core --features bindgen-cli --bin uniffi-bindgen -- generate core/src/knotq_mobile_core.udl --language swift --out-dir \"$GENERATED_DIR\"\nbuild_target() {\n  local target=\"$1\"\n  echo \"Building knotq-mobile-core for $target\"\n  cargo build -p knotq-mobile-core --target \"$target\"\n}\ncopy_target() {\n  local target=\"$1\"\n  cp \"target/$target/debug/libknotq_mobile_core.a\" \"$RUST_LIB_DIR/libknotq_mobile_core.a\"\n}\nif [ \"$PLATFORM_NAME\" = \"iphonesimulator\" ]; then\n  if [ \"$CURRENT_ARCH\" = \"x86_64\" ]; then\n    build_target x86_64-apple-ios\n    copy_target x86_64-apple-ios\n  elif [ \"$CURRENT_ARCH\" = \"arm64\" ]; then\n    build_target aarch64-apple-ios-sim\n    copy_target aarch64-apple-ios-sim\n  else\n    build_target aarch64-apple-ios-sim\n    build_target x86_64-apple-ios\n    lipo -create \\\n      \"target/aarch64-apple-ios-sim/debug/libknotq_mobile_core.a\" \\\n      \"target/x86_64-apple-ios/debug/libknotq_mobile_core.a\" \\\n      -output \"$RUST_LIB_DIR/libknotq_mobile_core.a\"\n  fi\nelse\n  build_target aarch64-apple-ios\n  copy_target aarch64-apple-ios\nfi\n";
		};
/* End PBXShellScriptBuildPhase section */

/* Begin PBXSourcesBuildPhase section */
		060000000000000000000001 /* Sources */ = {
			isa = PBXSourcesBuildPhase;
			buildActionMask = 2147483647;
			files = (
				010000000000000000000001 /* KnotQMobileApp.swift in Sources */,
				010000000000000000000002 /* Models.swift in Sources */,
				01000000000000000000000D /* KnotQMobileCore.swift in Sources */,
				010000000000000000000003 /* RustBridge.swift in Sources */,
				010000000000000000000004 /* AppModel.swift in Sources */,
				01000000000000000000000F /* MobileNotificationScheduler.swift in Sources */,
				010000000000000000000011 /* WidgetSnapshotStore.swift in Sources */,
				010000000000000000000012 /* WidgetSnapshotWriter.swift in Sources */,
				010000000000000000000005 /* ContentView.swift in Sources */,
				01000000000000000000001D /* ContentView+Components.swift in Sources */,
				010000000000000000000006 /* SchemesScreen.swift in Sources */,
				01000000000000000000001E /* SchemeEditorView+Components.swift in Sources */,
				01000000000000000000001F /* Theme+Colors.swift in Sources */,
				010000000000000000000020 /* DesktopChrome.swift in Sources */,
				010000000000000000000021 /* HomeComponents.swift in Sources */,
				010000000000000000000022 /* SchemeNavigatorUIKit.swift in Sources */,
				010000000000000000000023 /* HomeDailyComponents.swift in Sources */,
				010000000000000000000024 /* CalendarComponents.swift in Sources */,
				010000000000000000000025 /* DayTimelineComponents.swift in Sources */,
				010000000000000000000026 /* DayTimelineUIKitView.swift in Sources */,
				010000000000000000000027 /* ArchiveAndSettingsComponents.swift in Sources */,
				010000000000000000000028 /* DailyAndSearchComponents.swift in Sources */,
				010000000000000000000029 /* MobileDockAndMisc.swift in Sources */,
				01000000000000000000002A /* SchemeEditorChrome.swift in Sources */,
				01000000000000000000002B /* SchemeEditorTextInput.swift in Sources */,
				01000000000000000000002C /* SchemeEditorTextView.swift in Sources */,
				01000000000000000000002D /* SchemeEditorSheets.swift in Sources */,
				010000000000000000000007 /* SchemeEditorView.swift in Sources */,
				010000000000000000000008 /* CalendarScreen.swift in Sources */,
				010000000000000000000009 /* DailyScreen.swift in Sources */,
				01000000000000000000000A /* SearchScreen.swift in Sources */,
				01000000000000000000000B /* SettingsScreen.swift in Sources */,
				01000000000000000000000C /* SharedViews.swift in Sources */,
			);
			runOnlyForDeploymentPostprocessing = 0;
		};
		060000000000000000000002 /* Sources */ = {
			isa = PBXSourcesBuildPhase;
			buildActionMask = 2147483647;
			files = (
				010000000000000000000014 /* WidgetSnapshotStore.swift in Sources */,
				010000000000000000000015 /* KnotQUpcomingWidget.swift in Sources */,
			);
			runOnlyForDeploymentPostprocessing = 0;
		};
/* End PBXSourcesBuildPhase section */

/* Begin PBXTargetDependency section */
		0E0000000000000000000001 /* PBXTargetDependency */ = {
			isa = PBXTargetDependency;
			target = 050000000000000000000002 /* KnotQUpcomingWidget */;
			targetProxy = 0D0000000000000000000001 /* PBXContainerItemProxy */;
		};
/* End PBXTargetDependency section */

/* Begin XCBuildConfiguration section */
		0A0000000000000000000001 /* Debug */ = {
			isa = XCBuildConfiguration;
			buildSettings = {
				ALWAYS_SEARCH_USER_PATHS = NO;
				CLANG_ANALYZER_NONNULL = YES;
				CLANG_ANALYZER_NUMBER_OBJECT_CONVERSION = YES_AGGRESSIVE;
				CLANG_CXX_LANGUAGE_STANDARD = "gnu++20";
				CLANG_ENABLE_MODULES = YES;
				CLANG_ENABLE_OBJC_ARC = YES;
				CLANG_ENABLE_OBJC_WEAK = YES;
				CLANG_WARN_BLOCK_CAPTURE_AUTORELEASING = YES;
				CLANG_WARN_BOOL_CONVERSION = YES;
				CLANG_WARN_COMMA = YES;
				CLANG_WARN_CONSTANT_CONVERSION = YES;
				CLANG_WARN_DEPRECATED_OBJC_IMPLEMENTATIONS = YES;
				CLANG_WARN_DIRECT_OBJC_ISA_USAGE = YES_ERROR;
				CLANG_WARN_DOCUMENTATION_COMMENTS = YES;
				CLANG_WARN_EMPTY_BODY = YES;
				CLANG_WARN_ENUM_CONVERSION = YES;
				CLANG_WARN_INFINITE_RECURSION = YES;
				CLANG_WARN_INT_CONVERSION = YES;
				CLANG_WARN_NON_LITERAL_NULL_CONVERSION = YES;
				CLANG_WARN_OBJC_IMPLICIT_RETAIN_SELF = YES;
				CLANG_WARN_OBJC_LITERAL_CONVERSION = YES;
				CLANG_WARN_OBJC_ROOT_CLASS = YES_ERROR;
				CLANG_WARN_QUOTED_INCLUDE_IN_FRAMEWORK_HEADER = YES;
				CLANG_WARN_RANGE_LOOP_ANALYSIS = YES;
				CLANG_WARN_STRICT_PROTOTYPES = YES;
				CLANG_WARN_SUSPICIOUS_MOVE = YES;
				CLANG_WARN_UNGUARDED_AVAILABILITY = YES_AGGRESSIVE;
				CLANG_WARN_UNREACHABLE_CODE = YES;
				CLANG_WARN__DUPLICATE_METHOD_MATCH = YES;
				COPY_PHASE_STRIP = NO;
				DEBUG_INFORMATION_FORMAT = dwarf;
				ENABLE_STRICT_OBJC_MSGSEND = YES;
				ENABLE_TESTABILITY = YES;
				GCC_C_LANGUAGE_STANDARD = gnu17;
				GCC_DYNAMIC_NO_PIC = NO;
				GCC_NO_COMMON_BLOCKS = YES;
				GCC_OPTIMIZATION_LEVEL = 0;
				GCC_PREPROCESSOR_DEFINITIONS = (
					"DEBUG=1",
					"$(inherited)",
				);
				GCC_WARN_64_TO_32_BIT_CONVERSION = YES;
				GCC_WARN_ABOUT_RETURN_TYPE = YES_ERROR;
				GCC_WARN_UNDECLARED_SELECTOR = YES;
				GCC_WARN_UNINITIALIZED_AUTOS = YES_AGGRESSIVE;
				GCC_WARN_UNUSED_FUNCTION = YES;
				GCC_WARN_UNUSED_VARIABLE = YES;
				IPHONEOS_DEPLOYMENT_TARGET = 17.0;
				MTL_ENABLE_DEBUG_INFO = INCLUDE_SOURCE;
				MTL_FAST_MATH = YES;
				ONLY_ACTIVE_ARCH = YES;
				SDKROOT = iphoneos;
				SWIFT_ACTIVE_COMPILATION_CONDITIONS = DEBUG;
				SWIFT_OPTIMIZATION_LEVEL = "-Onone";
			};
			name = Debug;
		};
		0A0000000000000000000002 /* Release */ = {
			isa = XCBuildConfiguration;
			buildSettings = {
				ALWAYS_SEARCH_USER_PATHS = NO;
				CLANG_ANALYZER_NONNULL = YES;
				CLANG_ANALYZER_NUMBER_OBJECT_CONVERSION = YES_AGGRESSIVE;
				CLANG_CXX_LANGUAGE_STANDARD = "gnu++20";
				CLANG_ENABLE_MODULES = YES;
				CLANG_ENABLE_OBJC_ARC = YES;
				CLANG_ENABLE_OBJC_WEAK = YES;
				CLANG_WARN_BLOCK_CAPTURE_AUTORELEASING = YES;
				CLANG_WARN_BOOL_CONVERSION = YES;
				CLANG_WARN_COMMA = YES;
				CLANG_WARN_CONSTANT_CONVERSION = YES;
				CLANG_WARN_DEPRECATED_OBJC_IMPLEMENTATIONS = YES;
				CLANG_WARN_DIRECT_OBJC_ISA_USAGE = YES_ERROR;
				CLANG_WARN_DOCUMENTATION_COMMENTS = YES;
				CLANG_WARN_EMPTY_BODY = YES;
				CLANG_WARN_ENUM_CONVERSION = YES;
				CLANG_WARN_INFINITE_RECURSION = YES;
				CLANG_WARN_INT_CONVERSION = YES;
				CLANG_WARN_NON_LITERAL_NULL_CONVERSION = YES;
				CLANG_WARN_OBJC_IMPLICIT_RETAIN_SELF = YES;
				CLANG_WARN_OBJC_LITERAL_CONVERSION = YES;
				CLANG_WARN_OBJC_ROOT_CLASS = YES_ERROR;
				CLANG_WARN_QUOTED_INCLUDE_IN_FRAMEWORK_HEADER = YES;
				CLANG_WARN_RANGE_LOOP_ANALYSIS = YES;
				CLANG_WARN_STRICT_PROTOTYPES = YES;
				CLANG_WARN_SUSPICIOUS_MOVE = YES;
				CLANG_WARN_UNGUARDED_AVAILABILITY = YES_AGGRESSIVE;
				CLANG_WARN_UNREACHABLE_CODE = YES;
				CLANG_WARN__DUPLICATE_METHOD_MATCH = YES;
				COPY_PHASE_STRIP = NO;
				DEBUG_INFORMATION_FORMAT = "dwarf-with-dsym";
				ENABLE_NS_ASSERTIONS = NO;
				ENABLE_STRICT_OBJC_MSGSEND = YES;
				GCC_C_LANGUAGE_STANDARD = gnu17;
				GCC_NO_COMMON_BLOCKS = YES;
				GCC_WARN_64_TO_32_BIT_CONVERSION = YES;
				GCC_WARN_ABOUT_RETURN_TYPE = YES_ERROR;
				GCC_WARN_UNDECLARED_SELECTOR = YES;
				GCC_WARN_UNINITIALIZED_AUTOS = YES_AGGRESSIVE;
				GCC_WARN_UNUSED_FUNCTION = YES;
				GCC_WARN_UNUSED_VARIABLE = YES;
				IPHONEOS_DEPLOYMENT_TARGET = 17.0;
				MTL_ENABLE_DEBUG_INFO = NO;
				MTL_FAST_MATH = YES;
				SDKROOT = iphoneos;
				SWIFT_COMPILATION_MODE = wholemodule;
				SWIFT_OPTIMIZATION_LEVEL = "-O";
				VALIDATE_PRODUCT = YES;
			};
			name = Release;
		};
		0A0000000000000000000003 /* Debug */ = {
				isa = XCBuildConfiguration;
				buildSettings = {
					ASSETCATALOG_COMPILER_APPICON_NAME = AppIcon;
					CODE_SIGN_ENTITLEMENTS = KnotQMobile/KnotQMobile.entitlements;
					CODE_SIGN_IDENTITY = "Apple Development";
					CODE_SIGN_STYLE = Automatic;
					CURRENT_PROJECT_VERSION = 1;
					DEVELOPMENT_ASSET_PATHS = "";
					DEVELOPMENT_TEAM = T35KD9JHQ6;
				GENERATE_INFOPLIST_FILE = NO;
				INFOPLIST_FILE = KnotQMobile/Info.plist;
				INFOPLIST_KEY_CFBundleDisplayName = KnotQ;
				INFOPLIST_KEY_LSApplicationCategoryType = "public.app-category.productivity";
				IPHONEOS_DEPLOYMENT_TARGET = 17.0;
				LD_RUNPATH_SEARCH_PATHS = (
					"$(inherited)",
					"@executable_path/Frameworks",
				);
				LIBRARY_SEARCH_PATHS = (
					"$(inherited)",
					"$(TARGET_TEMP_DIR)/rust",
				);
				MARKETING_VERSION = 1.0;
				OTHER_LDFLAGS = (
					"$(inherited)",
					"-lknotq_mobile_core",
				);
				PRODUCT_BUNDLE_IDENTIFIER = com.enigmadux.knotq;
				PRODUCT_NAME = "$(TARGET_NAME)";
				SUPPORTED_PLATFORMS = "iphoneos iphonesimulator";
				SWIFT_OBJC_BRIDGING_HEADER = "KnotQMobile/KnotQMobile-Bridging-Header.h";
				SWIFT_VERSION = 6.0;
				TARGETED_DEVICE_FAMILY = "1,2";
			};
			name = Debug;
		};
		0A0000000000000000000004 /* Release */ = {
				isa = XCBuildConfiguration;
				buildSettings = {
					ASSETCATALOG_COMPILER_APPICON_NAME = AppIcon;
					CODE_SIGN_ENTITLEMENTS = KnotQMobile/KnotQMobile.entitlements;
					CODE_SIGN_IDENTITY = "Apple Development";
					CODE_SIGN_STYLE = Automatic;
					CURRENT_PROJECT_VERSION = 1;
					DEVELOPMENT_ASSET_PATHS = "";
					DEVELOPMENT_TEAM = T35KD9JHQ6;
				GENERATE_INFOPLIST_FILE = NO;
				INFOPLIST_FILE = KnotQMobile/Info.plist;
				INFOPLIST_KEY_CFBundleDisplayName = KnotQ;
				INFOPLIST_KEY_LSApplicationCategoryType = "public.app-category.productivity";
				IPHONEOS_DEPLOYMENT_TARGET = 17.0;
				LD_RUNPATH_SEARCH_PATHS = (
					"$(inherited)",
					"@executable_path/Frameworks",
				);
				LIBRARY_SEARCH_PATHS = (
					"$(inherited)",
					"$(TARGET_TEMP_DIR)/rust",
				);
				MARKETING_VERSION = 1.0;
				OTHER_LDFLAGS = (
					"$(inherited)",
					"-lknotq_mobile_core",
				);
				PRODUCT_BUNDLE_IDENTIFIER = com.enigmadux.knotq;
				PRODUCT_NAME = "$(TARGET_NAME)";
				SUPPORTED_PLATFORMS = "iphoneos iphonesimulator";
				SWIFT_OBJC_BRIDGING_HEADER = "KnotQMobile/KnotQMobile-Bridging-Header.h";
				SWIFT_VERSION = 6.0;
				TARGETED_DEVICE_FAMILY = "1,2";
			};
			name = Release;
		};
		0A0000000000000000000005 /* Debug */ = {
			isa = XCBuildConfiguration;
			buildSettings = {
				APPLICATION_EXTENSION_API_ONLY = YES;
				CODE_SIGN_ENTITLEMENTS = KnotQUpcomingWidget/KnotQUpcomingWidget.entitlements;
				CODE_SIGN_IDENTITY = "Apple Development";
				CODE_SIGN_STYLE = Automatic;
				CURRENT_PROJECT_VERSION = 1;
				DEVELOPMENT_TEAM = T35KD9JHQ6;
				GENERATE_INFOPLIST_FILE = NO;
				INFOPLIST_FILE = KnotQUpcomingWidget/Info.plist;
				IPHONEOS_DEPLOYMENT_TARGET = 17.0;
				LD_RUNPATH_SEARCH_PATHS = (
					"$(inherited)",
					"@executable_path/Frameworks",
					"@executable_path/../../Frameworks",
				);
				MARKETING_VERSION = 1.0;
				PRODUCT_BUNDLE_IDENTIFIER = com.enigmadux.knotq.upcoming-widget;
				PRODUCT_NAME = "$(TARGET_NAME)";
				SKIP_INSTALL = YES;
				SUPPORTED_PLATFORMS = "iphoneos iphonesimulator";
				SWIFT_VERSION = 6.0;
				TARGETED_DEVICE_FAMILY = "1,2";
			};
			name = Debug;
		};
		0A0000000000000000000006 /* Release */ = {
			isa = XCBuildConfiguration;
			buildSettings = {
				APPLICATION_EXTENSION_API_ONLY = YES;
				CODE_SIGN_ENTITLEMENTS = KnotQUpcomingWidget/KnotQUpcomingWidget.entitlements;
				CODE_SIGN_IDENTITY = "Apple Development";
				CODE_SIGN_STYLE = Automatic;
				CURRENT_PROJECT_VERSION = 1;
				DEVELOPMENT_TEAM = T35KD9JHQ6;
				GENERATE_INFOPLIST_FILE = NO;
				INFOPLIST_FILE = KnotQUpcomingWidget/Info.plist;
				IPHONEOS_DEPLOYMENT_TARGET = 17.0;
				LD_RUNPATH_SEARCH_PATHS = (
					"$(inherited)",
					"@executable_path/Frameworks",
					"@executable_path/../../Frameworks",
				);
				MARKETING_VERSION = 1.0;
				PRODUCT_BUNDLE_IDENTIFIER = com.enigmadux.knotq.upcoming-widget;
				PRODUCT_NAME = "$(TARGET_NAME)";
				SKIP_INSTALL = YES;
				SUPPORTED_PLATFORMS = "iphoneos iphonesimulator";
				SWIFT_VERSION = 6.0;
				TARGETED_DEVICE_FAMILY = "1,2";
			};
			name = Release;
		};
/* End XCBuildConfiguration section */

/* Begin XCConfigurationList section */
		0B0000000000000000000001 /* Build configuration list for PBXProject "KnotQMobile" */ = {
			isa = XCConfigurationList;
			buildConfigurations = (
				0A0000000000000000000001 /* Debug */,
				0A0000000000000000000002 /* Release */,
			);
			defaultConfigurationIsVisible = 0;
			defaultConfigurationName = Release;
		};
		0B0000000000000000000002 /* Build configuration list for PBXNativeTarget "KnotQMobile" */ = {
			isa = XCConfigurationList;
			buildConfigurations = (
				0A0000000000000000000003 /* Debug */,
				0A0000000000000000000004 /* Release */,
			);
			defaultConfigurationIsVisible = 0;
			defaultConfigurationName = Release;
		};
		0B0000000000000000000003 /* Build configuration list for PBXNativeTarget "KnotQUpcomingWidget" */ = {
			isa = XCConfigurationList;
			buildConfigurations = (
				0A0000000000000000000005 /* Debug */,
				0A0000000000000000000006 /* Release */,
			);
			defaultConfigurationIsVisible = 0;
			defaultConfigurationName = Release;
		};
/* End XCConfigurationList section */
	};
	rootObject = 080000000000000000000001 /* Project object */;
}
